
Microsoft Visual Studio Solution File, Format Version 12.00
# Visual Studio 15
VisualStudioVersion = 15.0.26430.16
MinimumVisualStudioVersion = 10.0.40219.1
Project("{8BC9CEB8-8B4A-11D0-8D11-00A0C91BC942}") = "BXRI", "..\..\Projects\BXRI\BXRI.vcxproj", "{7D4AADBE-C73A-4758-B659-9A8A40C203CB}"
	ProjectSection(ProjectDependencies) = postProject
		{A79785A9-ED86-4F96-8158-C0F79ACCB843} = {A79785A9-ED86-4F96-8158-C0F79ACCB843}
	EndProjectSection
EndProject
Project("{8BC9CEB8-8B4A-11D0-8D11-00A0C91BC942}") = "BXCF", "..\..\..\..\BXCF\Compiler\Projects\BXCF\BXCF.vcxproj", "{A79785A9-ED86-4F96-8158-C0F79ACCB843}"
EndProject
Global
	GlobalSection(SolutionConfigurationPlatforms) = preSolution
		Debug|x64 = Debug|x64
		Debug|x86 = Debug|x86
		Release|x64 = Release|x64
		Release|x86 = Release|x86
	EndGlobalSection
	GlobalSection(ProjectConfigurationPlatforms) = postSolution
		{7D4AADBE-C73A-4758-B659-9A8A40C203CB}.Debug|x64.ActiveCfg = Debug|x64
		{7D4AADBE-C73A-4758-B659-9A8A40C203CB}.Debug|x64.Build.0 = Debug|x64
		{7D4AADBE-C73A-4758-B659-9A8A40C203CB}.Debug|x86.ActiveCfg = Debug|Win32
		{7D4AADBE-C73A-4758-B659-9A8A40C203CB}.Debug|x86.Build.0 = Debug|Win32
		{7D4AADBE-C73A-4758-B659-9A8A40C203CB}.Release|x64.ActiveCfg = Release|x64
		{7D4AADBE-C73A-4758-B659-9A8A40C203CB}.Release|x64.Build.0 = Release|x64
		{7D4AADBE-C73A-4758-B659-9A8A40C203CB}.Release|x86.ActiveCfg = Release|Win32
		{7D4AADBE-C73A-4758-B659-9A8A40C203CB}.Release|x86.Build.0 = Release|Win32
		{A79785A9-ED86-4F96-8158-C0F79ACCB843}.Debug|x64.ActiveCfg = Debug|x64
		{A79785A9-ED86-4F96-8158-C0F79ACCB843}.Debug|x64.Build.0 = Debug|x64
		{A79785A9-ED86-4F96-8158-C0F79ACCB843}.Debug|x86.ActiveCfg = Debug|Win32
		{A79785A9-ED86-4F96-8158-C0F79ACCB843}.Debug|x86.Build.0 = Debug|Win32
		{A79785A9-ED86-4F96-8158-C0F79ACCB843}.Release|x64.ActiveCfg = Release|x64
		{A79785A9-ED86-4F96-8158-C0F79ACCB843}.Release|x64.Build.0 = Release|x64
		{A79785A9-ED86-4F96-8158-C0F79ACCB843}.Release|x86.ActiveCfg = Release|Win32
		{A79785A9-ED86-4F96-8158-C0F79ACCB843}.Release|x86.Build.0 = Release|Win32
	EndGlobalSection
	GlobalSection(SolutionProperties) = preSolution
		HideSolutionNode = FALSE
	EndGlobalSection
EndGlobal
